
Microsoft Visual Studio Solution File, Format Version 12.00
# Visual Studio 15
VisualStudioVersion = 15.0.27703.2047
MinimumVisualStudioVersion = 10.0.40219.1
Project("{FAE04EC0-301F-11D3-BF4B-00C04F79EFBC}") = "Lab4", "Lab4\Lab4.csproj", "{32381E32-8195-4972-BC54-ACBA8C828663}"
EndProject
Global
	GlobalSection(SolutionConfigurationPlatforms) = preSolution
		Debug|Any CPU = Debug|Any CPU
		Release|Any CPU = Release|Any CPU
	EndGlobalSection
	GlobalSection(ProjectConfigurationPlatforms) = postSolution
		{32381E32-8195-4972-BC54-ACBA8C828663}.Debug|Any CPU.ActiveCfg = Debug|Any CPU
		{32381E32-8195-4972-BC54-ACBA8C828663}.Debug|Any CPU.Build.0 = Debug|Any CPU
		{32381E32-8195-4972-BC54-ACBA8C828663}.Release|Any CPU.ActiveCfg = Release|Any CPU
		{32381E32-8195-4972-BC54-ACBA8C828663}.Release|Any CPU.Build.0 = Release|Any CPU
	EndGlobalSection
	GlobalSection(SolutionProperties) = preSolution
		HideSolutionNode = FALSE
	EndGlobalSection
	GlobalSection(ExtensibilityGlobals) = postSolution
		SolutionGuid = {3EAD1C0A-AE60-4489-84CA-64F2BB2C5E23}
	EndGlobalSection
EndGlobal
